
Microsoft Visual Studio Solution File, Format Version 12.00
# Visual Studio Version 16
VisualStudioVersion = 16.0.30717.126
MinimumVisualStudioVersion = 10.0.40219.1
Project("{00D1A9C2-B5F0-4AF3-8072-F6C62B433612}") = "MovieRental.Database", "MovieRental.Database\MovieRental.Database.sqlproj", "{BBF8372C-47C0-469E-9ADB-4D2B95CC9C8D}"
EndProject
Project("{FAE04EC0-301F-11D3-BF4B-00C04F79EFBC}") = "ADOLibrairy", "ADOLibrairy\ADOLibrairy.csproj", "{6AC310D0-8CE7-4F6B-B991-6C0E942C168A}"
EndProject
Project("{FAE04EC0-301F-11D3-BF4B-00C04F79EFBC}") = "MovielRental", "MovielRental\MovielRental.csproj", "{31ACD5D2-3514-48E7-BF6F-90A2B3751072}"
EndProject
Project("{FAE04EC0-301F-11D3-BF4B-00C04F79EFBC}") = "MovieDAL", "MovieDAL\MovieDAL.csproj", "{FA8E53F9-4F36-4621-9001-56D12A4CA2D6}"
EndProject
Global
	GlobalSection(SolutionConfigurationPlatforms) = preSolution
		Debug|Any CPU = Debug|Any CPU
		Release|Any CPU = Release|Any CPU
	EndGlobalSection
	GlobalSection(ProjectConfigurationPlatforms) = postSolution
		{BBF8372C-47C0-469E-9ADB-4D2B95CC9C8D}.Debug|Any CPU.ActiveCfg = Debug|Any CPU
		{BBF8372C-47C0-469E-9ADB-4D2B95CC9C8D}.Debug|Any CPU.Build.0 = Debug|Any CPU
		{BBF8372C-47C0-469E-9ADB-4D2B95CC9C8D}.Debug|Any CPU.Deploy.0 = Debug|Any CPU
		{BBF8372C-47C0-469E-9ADB-4D2B95CC9C8D}.Release|Any CPU.ActiveCfg = Release|Any CPU
		{BBF8372C-47C0-469E-9ADB-4D2B95CC9C8D}.Release|Any CPU.Build.0 = Release|Any CPU
		{BBF8372C-47C0-469E-9ADB-4D2B95CC9C8D}.Release|Any CPU.Deploy.0 = Release|Any CPU
		{6AC310D0-8CE7-4F6B-B991-6C0E942C168A}.Debug|Any CPU.ActiveCfg = Debug|Any CPU
		{6AC310D0-8CE7-4F6B-B991-6C0E942C168A}.Debug|Any CPU.Build.0 = Debug|Any CPU
		{6AC310D0-8CE7-4F6B-B991-6C0E942C168A}.Release|Any CPU.ActiveCfg = Release|Any CPU
		{6AC310D0-8CE7-4F6B-B991-6C0E942C168A}.Release|Any CPU.Build.0 = Release|Any CPU
		{31ACD5D2-3514-48E7-BF6F-90A2B3751072}.Debug|Any CPU.ActiveCfg = Debug|Any CPU
		{31ACD5D2-3514-48E7-BF6F-90A2B3751072}.Debug|Any CPU.Build.0 = Debug|Any CPU
		{31ACD5D2-3514-48E7-BF6F-90A2B3751072}.Release|Any CPU.ActiveCfg = Release|Any CPU
		{31ACD5D2-3514-48E7-BF6F-90A2B3751072}.Release|Any CPU.Build.0 = Release|Any CPU
		{FA8E53F9-4F36-4621-9001-56D12A4CA2D6}.Debug|Any CPU.ActiveCfg = Debug|Any CPU
		{FA8E53F9-4F36-4621-9001-56D12A4CA2D6}.Debug|Any CPU.Build.0 = Debug|Any CPU
		{FA8E53F9-4F36-4621-9001-56D12A4CA2D6}.Release|Any CPU.ActiveCfg = Release|Any CPU
		{FA8E53F9-4F36-4621-9001-56D12A4CA2D6}.Release|Any CPU.Build.0 = Release|Any CPU
	EndGlobalSection
	GlobalSection(SolutionProperties) = preSolution
		HideSolutionNode = FALSE
	EndGlobalSection
	GlobalSection(ExtensibilityGlobals) = postSolution
		SolutionGuid = {00100157-90B1-4871-9866-2EE20E0A2D5E}
	EndGlobalSection
EndGlobal
